
Microsoft Visual Studio Solution File, Format Version 12.00
# Visual Studio 2013
VisualStudioVersion = 12.0.40629.0
MinimumVisualStudioVersion = 10.0.40219.1
Project("{FAE04EC0-301F-11D3-BF4B-00C04F79EFBC}") = "VMS", "VMS\VMS.csproj", "{8C23731D-526F-4882-962C-7FD850C4C5FD}"
EndProject
Project("{54435603-DBB4-11D2-8724-00A0C9A8B90C}") = "NewSetupVMS", "NewSetupVMS\NewSetupVMS.vdproj", "{060A524C-ABAA-4B54-8119-8E93F9B543B9}"
EndProject
Global
	GlobalSection(SolutionConfigurationPlatforms) = preSolution
		Debug|Any CPU = Debug|Any CPU
		Release|Any CPU = Release|Any CPU
	EndGlobalSection
	GlobalSection(ProjectConfigurationPlatforms) = postSolution
		{8C23731D-526F-4882-962C-7FD850C4C5FD}.Debug|Any CPU.ActiveCfg = Debug|Any CPU
		{8C23731D-526F-4882-962C-7FD850C4C5FD}.Debug|Any CPU.Build.0 = Debug|Any CPU
		{8C23731D-526F-4882-962C-7FD850C4C5FD}.Release|Any CPU.ActiveCfg = Release|Any CPU
		{8C23731D-526F-4882-962C-7FD850C4C5FD}.Release|Any CPU.Build.0 = Release|Any CPU
		{060A524C-ABAA-4B54-8119-8E93F9B543B9}.Debug|Any CPU.ActiveCfg = Debug
		{060A524C-ABAA-4B54-8119-8E93F9B543B9}.Release|Any CPU.ActiveCfg = Release
	EndGlobalSection
	GlobalSection(SolutionProperties) = preSolution
		HideSolutionNode = FALSE
	EndGlobalSection
EndGlobal
